
Microsoft Visual Studio Solution File, Format Version 12.00
# Visual Studio Version 16
VisualStudioVersion = 16.0.30517.126
MinimumVisualStudioVersion = 10.0.40219.1
Project("{FAE04EC0-301F-11D3-BF4B-00C04F79EFBC}") = "serwisAukcyjny", "serwisAukcyjny.csproj", "{B3CD41E6-3269-4931-AD26-9ED8778AB2EB}"
EndProject
Global
	GlobalSection(SolutionConfigurationPlatforms) = preSolution
		Debug|Any CPU = Debug|Any CPU
		Release|Any CPU = Release|Any CPU
	EndGlobalSection
	GlobalSection(ProjectConfigurationPlatforms) = postSolution
		{B3CD41E6-3269-4931-AD26-9ED8778AB2EB}.Debug|Any CPU.ActiveCfg = Debug|Any CPU
		{B3CD41E6-3269-4931-AD26-9ED8778AB2EB}.Debug|Any CPU.Build.0 = Debug|Any CPU
		{B3CD41E6-3269-4931-AD26-9ED8778AB2EB}.Release|Any CPU.ActiveCfg = Release|Any CPU
		{B3CD41E6-3269-4931-AD26-9ED8778AB2EB}.Release|Any CPU.Build.0 = Release|Any CPU
	EndGlobalSection
	GlobalSection(SolutionProperties) = preSolution
		HideSolutionNode = FALSE
	EndGlobalSection
	GlobalSection(ExtensibilityGlobals) = postSolution
		SolutionGuid = {0FFEC856-3E5B-4A76-9CB3-FE11E39AB451}
	EndGlobalSection
EndGlobal
